
Microsoft Visual Studio Solution File, Format Version 12.00
# Visual Studio Version 16
VisualStudioVersion = 16.0.30611.23
MinimumVisualStudioVersion = 10.0.40219.1
Project("{FAE04EC0-301F-11D3-BF4B-00C04F79EFBC}") = "FileDetails", "FileDetails\FileDetails.csproj", "{DFA429BF-6BB8-4AE5-94F8-9077A1F00CF8}"
EndProject
Global
	GlobalSection(SolutionConfigurationPlatforms) = preSolution
		Debug|Any CPU = Debug|Any CPU
		Release|Any CPU = Release|Any CPU
	EndGlobalSection
	GlobalSection(ProjectConfigurationPlatforms) = postSolution
		{DFA429BF-6BB8-4AE5-94F8-9077A1F00CF8}.Debug|Any CPU.ActiveCfg = Debug|Any CPU
		{DFA429BF-6BB8-4AE5-94F8-9077A1F00CF8}.Debug|Any CPU.Build.0 = Debug|Any CPU
		{DFA429BF-6BB8-4AE5-94F8-9077A1F00CF8}.Release|Any CPU.ActiveCfg = Release|Any CPU
		{DFA429BF-6BB8-4AE5-94F8-9077A1F00CF8}.Release|Any CPU.Build.0 = Release|Any CPU
	EndGlobalSection
	GlobalSection(SolutionProperties) = preSolution
		HideSolutionNode = FALSE
	EndGlobalSection
	GlobalSection(ExtensibilityGlobals) = postSolution
		SolutionGuid = {1B88B9A1-9D41-4548-AC94-2591B636B519}
	EndGlobalSection
EndGlobal
