
Microsoft Visual Studio Solution File, Format Version 12.00
# Visual Studio Version 16
VisualStudioVersion = 16.0.30611.23
MinimumVisualStudioVersion = 10.0.40219.1
Project("{FAE04EC0-301F-11D3-BF4B-00C04F79EFBC}") = "BankAccount", "BankAccount\BankAccount.csproj", "{F1B3BE0D-2E70-45A8-80B3-BCE4399956A7}"
EndProject
Global
	GlobalSection(SolutionConfigurationPlatforms) = preSolution
		Debug|Any CPU = Debug|Any CPU
		Release|Any CPU = Release|Any CPU
	EndGlobalSection
	GlobalSection(ProjectConfigurationPlatforms) = postSolution
		{F1B3BE0D-2E70-45A8-80B3-BCE4399956A7}.Debug|Any CPU.ActiveCfg = Debug|Any CPU
		{F1B3BE0D-2E70-45A8-80B3-BCE4399956A7}.Debug|Any CPU.Build.0 = Debug|Any CPU
		{F1B3BE0D-2E70-45A8-80B3-BCE4399956A7}.Release|Any CPU.ActiveCfg = Release|Any CPU
		{F1B3BE0D-2E70-45A8-80B3-BCE4399956A7}.Release|Any CPU.Build.0 = Release|Any CPU
	EndGlobalSection
	GlobalSection(SolutionProperties) = preSolution
		HideSolutionNode = FALSE
	EndGlobalSection
	GlobalSection(ExtensibilityGlobals) = postSolution
		SolutionGuid = {C94DAB05-4E9B-49F8-927B-9D446560946D}
	EndGlobalSection
EndGlobal
