
Microsoft Visual Studio Solution File, Format Version 12.00
# Visual Studio Version 16
VisualStudioVersion = 16.0.30611.23
MinimumVisualStudioVersion = 10.0.40219.1
Project("{FAE04EC0-301F-11D3-BF4B-00C04F79EFBC}") = "WhatDay2", "WhatDay2\WhatDay2.csproj", "{9E598935-FFF1-4FE6-AEB3-5649035E6739}"
EndProject
Global
	GlobalSection(SolutionConfigurationPlatforms) = preSolution
		Debug|Any CPU = Debug|Any CPU
		Release|Any CPU = Release|Any CPU
	EndGlobalSection
	GlobalSection(ProjectConfigurationPlatforms) = postSolution
		{9E598935-FFF1-4FE6-AEB3-5649035E6739}.Debug|Any CPU.ActiveCfg = Debug|Any CPU
		{9E598935-FFF1-4FE6-AEB3-5649035E6739}.Debug|Any CPU.Build.0 = Debug|Any CPU
		{9E598935-FFF1-4FE6-AEB3-5649035E6739}.Release|Any CPU.ActiveCfg = Release|Any CPU
		{9E598935-FFF1-4FE6-AEB3-5649035E6739}.Release|Any CPU.Build.0 = Release|Any CPU
	EndGlobalSection
	GlobalSection(SolutionProperties) = preSolution
		HideSolutionNode = FALSE
	EndGlobalSection
	GlobalSection(ExtensibilityGlobals) = postSolution
		SolutionGuid = {1051BB92-F2A5-4FCE-B135-23C8A83B7702}
	EndGlobalSection
EndGlobal
